// !$*UTF8*$!
{
	archiveVersion = 1;
	classes = {
	};
	objectVersion = 55;
	objects = {

/* Begin PBXBuildFile section */
		A9882EA32BC6C94600A1F9B9 /* Diapositivasima_genesApp.swift in Sources */ = {isa = PBXBuildFile; fileRef = A9882EA22BC6C94600A1F9B9 /* Diapositivasima_genesApp.swift */; };
		A9882EA52BC6C94600A1F9B9 /* ContentView.swift in Sources */ = {isa = PBXBuildFile; fileRef = A9882EA42BC6C94600A1F9B9 /* ContentView.swift */; };
		A9882EA72BC6C94900A1F9B9 /* Assets.xcassets in Resources */ = {isa = PBXBuildFile; fileRef = A9882EA62BC6C94900A1F9B9 /* Assets.xcassets */; };
		A9882EAA2BC6C94900A1F9B9 /* Preview Assets.xcassets in Resources */ = {isa = PBXBuildFile; fileRef = A9882EA92BC6C94900A1F9B9 /* Preview Assets.xcassets */; };
		A9882EB42BC6C94A00A1F9B9 /* Diapositivasima_genesTests.swift in Sources */ = {isa = PBXBuildFile; fileRef = A9882EB32BC6C94A00A1F9B9 /* Diapositivasima_genesTests.swift */; };
		A9882EBE2BC6C94A00A1F9B9 /* Diapositivasima_genesUITests.swift in Sources */ = {isa = PBXBuildFile; fileRef = A9882EBD2BC6C94A00A1F9B9 /* Diapositivasima_genesUITests.swift */; };
		A9882EC02BC6C94A00A1F9B9 /* Diapositivasima_genesUITestsLaunchTests.swift in Sources */ = {isa = PBXBuildFile; fileRef = A9882EBF2BC6C94A00A1F9B9 /* Diapositivasima_genesUITestsLaunchTests.swift */; };
		A9882ECD2BC6CD1300A1F9B9 /* FotosRegiones.swift in Sources */ = {isa = PBXBuildFile; fileRef = A9882ECC2BC6CD1300A1F9B9 /* FotosRegiones.swift */; };
/* End PBXBuildFile section */

/* Begin PBXContainerItemProxy section */
		A9882EB02BC6C94A00A1F9B9 /* PBXContainerItemProxy */ = {
			isa = PBXContainerItemProxy;
			containerPortal = A9882E972BC6C94600A1F9B9 /* Project object */;
			proxyType = 1;
			remoteGlobalIDString = A9882E9E2BC6C94600A1F9B9;
			remoteInfo = "Diapositivasimágenes";
		};
		A9882EBA2BC6C94A00A1F9B9 /* PBXContainerItemProxy */ = {
			isa = PBXContainerItemProxy;
			containerPortal = A9882E972BC6C94600A1F9B9 /* Project object */;
			proxyType = 1;
			remoteGlobalIDString = A9882E9E2BC6C94600A1F9B9;
			remoteInfo = "Diapositivasimágenes";
		};
/* End PBXContainerItemProxy section */

/* Begin PBXFileReference section */
		A9882E9F2BC6C94600A1F9B9 /* Diapositivasimágenes.app */ = {isa = PBXFileReference; explicitFileType = wrapper.application; includeInIndex = 0; path = "Diapositivasimágenes.app"; sourceTree = BUILT_PRODUCTS_DIR; };
		A9882EA22BC6C94600A1F9B9 /* Diapositivasima_genesApp.swift */ = {isa = PBXFileReference; lastKnownFileType = sourcecode.swift; path = Diapositivasima_genesApp.swift; sourceTree = "<group>"; };
		A9882EA42BC6C94600A1F9B9 /* ContentView.swift */ = {isa = PBXFileReference; lastKnownFileType = sourcecode.swift; path = ContentView.swift; sourceTree = "<group>"; };
		A9882EA62BC6C94900A1F9B9 /* Assets.xcassets */ = {isa = PBXFileReference; lastKnownFileType = folder.assetcatalog; path = Assets.xcassets; sourceTree = "<group>"; };
		A9882EA92BC6C94900A1F9B9 /* Preview Assets.xcassets */ = {isa = PBXFileReference; lastKnownFileType = folder.assetcatalog; path = "Preview Assets.xcassets"; sourceTree = "<group>"; };
		A9882EAF2BC6C94A00A1F9B9 /* DiapositivasimágenesTests.xctest */ = {isa = PBXFileReference; explicitFileType = wrapper.cfbundle; includeInIndex = 0; path = "DiapositivasimágenesTests.xctest"; sourceTree = BUILT_PRODUCTS_DIR; };
		A9882EB32BC6C94A00A1F9B9 /* Diapositivasima_genesTests.swift */ = {isa = PBXFileReference; lastKnownFileType = sourcecode.swift; path = Diapositivasima_genesTests.swift; sourceTree = "<group>"; };
		A9882EB92BC6C94A00A1F9B9 /* DiapositivasimágenesUITests.xctest */ = {isa = PBXFileReference; explicitFileType = wrapper.cfbundle; includeInIndex = 0; path = "DiapositivasimágenesUITests.xctest"; sourceTree = BUILT_PRODUCTS_DIR; };
		A9882EBD2BC6C94A00A1F9B9 /* Diapositivasima_genesUITests.swift */ = {isa = PBXFileReference; lastKnownFileType = sourcecode.swift; path = Diapositivasima_genesUITests.swift; sourceTree = "<group>"; };
		A9882EBF2BC6C94A00A1F9B9 /* Diapositivasima_genesUITestsLaunchTests.swift */ = {isa = PBXFileReference; lastKnownFileType = sourcecode.swift; path = Diapositivasima_genesUITestsLaunchTests.swift; sourceTree = "<group>"; };
		A9882ECC2BC6CD1300A1F9B9 /* FotosRegiones.swift */ = {isa = PBXFileReference; lastKnownFileType = sourcecode.swift; path = FotosRegiones.swift; sourceTree = "<group>"; };
/* End PBXFileReference section */

/* Begin PBXFrameworksBuildPhase section */
		A9882E9C2BC6C94600A1F9B9 /* Frameworks */ = {
			isa = PBXFrameworksBuildPhase;
			buildActionMask = 2147483647;
			files = (
			);
			runOnlyForDeploymentPostprocessing = 0;
		};
		A9882EAC2BC6C94A00A1F9B9 /* Frameworks */ = {
			isa = PBXFrameworksBuildPhase;
			buildActionMask = 2147483647;
			files = (
			);
			runOnlyForDeploymentPostprocessing = 0;
		};
		A9882EB62BC6C94A00A1F9B9 /* Frameworks */ = {
			isa = PBXFrameworksBuildPhase;
			buildActionMask = 2147483647;
			files = (
			);
			runOnlyForDeploymentPostprocessing = 0;
		};
/* End PBXFrameworksBuildPhase section */

/* Begin PBXGroup section */
		A9882E962BC6C94600A1F9B9 = {
			isa = PBXGroup;
			children = (
				A9882EA12BC6C94600A1F9B9 /* Diapositivasimágenes */,
				A9882EB22BC6C94A00A1F9B9 /* DiapositivasimágenesTests */,
				A9882EBC2BC6C94A00A1F9B9 /* DiapositivasimágenesUITests */,
				A9882EA02BC6C94600A1F9B9 /* Products */,
			);
			sourceTree = "<group>";
		};
		A9882EA02BC6C94600A1F9B9 /* Products */ = {
			isa = PBXGroup;
			children = (
				A9882E9F2BC6C94600A1F9B9 /* Diapositivasimágenes.app */,
				A9882EAF2BC6C94A00A1F9B9 /* DiapositivasimágenesTests.xctest */,
				A9882EB92BC6C94A00A1F9B9 /* DiapositivasimágenesUITests.xctest */,
			);
			name = Products;
			sourceTree = "<group>";
		};
		A9882EA12BC6C94600A1F9B9 /* Diapositivasimágenes */ = {
			isa = PBXGroup;
			children = (
				A9882EA22BC6C94600A1F9B9 /* Diapositivasima_genesApp.swift */,
				A9882EA42BC6C94600A1F9B9 /* ContentView.swift */,
				A9882EA62BC6C94900A1F9B9 /* Assets.xcassets */,
				A9882EA82BC6C94900A1F9B9 /* Preview Content */,
				A9882ECC2BC6CD1300A1F9B9 /* FotosRegiones.swift */,
			);
			path = "Diapositivasimágenes";
			sourceTree = "<group>";
		};
		A9882EA82BC6C94900A1F9B9 /* Preview Content */ = {
			isa = PBXGroup;
			children = (
				A9882EA92BC6C94900A1F9B9 /* Preview Assets.xcassets */,
			);
			path = "Preview Content";
			sourceTree = "<group>";
		};
		A9882EB22BC6C94A00A1F9B9 /* DiapositivasimágenesTests */ = {
			isa = PBXGroup;
			children = (
				A9882EB32BC6C94A00A1F9B9 /* Diapositivasima_genesTests.swift */,
			);
			path = "DiapositivasimágenesTests";
			sourceTree = "<group>";
		};
		A9882EBC2BC6C94A00A1F9B9 /* DiapositivasimágenesUITests */ = {
			isa = PBXGroup;
			children = (
				A9882EBD2BC6C94A00A1F9B9 /* Diapositivasima_genesUITests.swift */,
				A9882EBF2BC6C94A00A1F9B9 /* Diapositivasima_genesUITestsLaunchTests.swift */,
			);
			path = "DiapositivasimágenesUITests";
			sourceTree = "<group>";
		};
/* End PBXGroup section */

/* Begin PBXNativeTarget section */
		A9882E9E2BC6C94600A1F9B9 /* Diapositivasimágenes */ = {
			isa = PBXNativeTarget;
			buildConfigurationList = A9882EC32BC6C94A00A1F9B9 /* Build configuration list for PBXNativeTarget "Diapositivasimágenes" */;
			buildPhases = (
				A9882E9B2BC6C94600A1F9B9 /* Sources */,
				A9882E9C2BC6C94600A1F9B9 /* Frameworks */,
				A9882E9D2BC6C94600A1F9B9 /* Resources */,
			);
			buildRules = (
			);
			dependencies = (
			);
			name = "Diapositivasimágenes";
			productName = "Diapositivasimágenes";
			productReference = A9882E9F2BC6C94600A1F9B9 /* Diapositivasimágenes.app */;
			productType = "com.apple.product-type.application";
		};
		A9882EAE2BC6C94A00A1F9B9 /* DiapositivasimágenesTests */ = {
			isa = PBXNativeTarget;
			buildConfigurationList = A9882EC62BC6C94A00A1F9B9 /* Build configuration list for PBXNativeTarget "DiapositivasimágenesTests" */;
			buildPhases = (
				A9882EAB2BC6C94A00A1F9B9 /* Sources */,
				A9882EAC2BC6C94A00A1F9B9 /* Frameworks */,
				A9882EAD2BC6C94A00A1F9B9 /* Resources */,
			);
			buildRules = (
			);
			dependencies = (
				A9882EB12BC6C94A00A1F9B9 /* PBXTargetDependency */,
			);
			name = "DiapositivasimágenesTests";
			productName = "DiapositivasimágenesTests";
			productReference = A9882EAF2BC6C94A00A1F9B9 /* DiapositivasimágenesTests.xctest */;
			productType = "com.apple.product-type.bundle.unit-test";
		};
		A9882EB82BC6C94A00A1F9B9 /* DiapositivasimágenesUITests */ = {
			isa = PBXNativeTarget;
			buildConfigurationList = A9882EC92BC6C94A00A1F9B9 /* Build configuration list for PBXNativeTarget "DiapositivasimágenesUITests" */;
			buildPhases = (
				A9882EB52BC6C94A00A1F9B9 /* Sources */,
				A9882EB62BC6C94A00A1F9B9 /* Frameworks */,
				A9882EB72BC6C94A00A1F9B9 /* Resources */,
			);
			buildRules = (
			);
			dependencies = (
				A9882EBB2BC6C94A00A1F9B9 /* PBXTargetDependency */,
			);
			name = "DiapositivasimágenesUITests";
			productName = "DiapositivasimágenesUITests";
			productReference = A9882EB92BC6C94A00A1F9B9 /* DiapositivasimágenesUITests.xctest */;
			productType = "com.apple.product-type.bundle.ui-testing";
		};
/* End PBXNativeTarget section */

/* Begin PBXProject section */
		A9882E972BC6C94600A1F9B9 /* Project object */ = {
			isa = PBXProject;
			attributes = {
				BuildIndependentTargetsInParallel = 1;
				LastSwiftUpdateCheck = 1340;
				LastUpgradeCheck = 1340;
				TargetAttributes = {
					A9882E9E2BC6C94600A1F9B9 = {
						CreatedOnToolsVersion = 13.4;
					};
					A9882EAE2BC6C94A00A1F9B9 = {
						CreatedOnToolsVersion = 13.4;
						TestTargetID = A9882E9E2BC6C94600A1F9B9;
					};
					A9882EB82BC6C94A00A1F9B9 = {
						CreatedOnToolsVersion = 13.4;
						TestTargetID = A9882E9E2BC6C94600A1F9B9;
					};
				};
			};
			buildConfigurationList = A9882E9A2BC6C94600A1F9B9 /* Build configuration list for PBXProject "Diapositivasimágenes" */;
			compatibilityVersion = "Xcode 13.0";
			developmentRegion = en;
			hasScannedForEncodings = 0;
			knownRegions = (
				en,
				Base,
			);
			mainGroup = A9882E962BC6C94600A1F9B9;
			productRefGroup = A9882EA02BC6C94600A1F9B9 /* Products */;
			projectDirPath = "";
			projectRoot = "";
			targets = (
				A9882E9E2BC6C94600A1F9B9 /* Diapositivasimágenes */,
				A9882EAE2BC6C94A00A1F9B9 /* DiapositivasimágenesTests */,
				A9882EB82BC6C94A00A1F9B9 /* DiapositivasimágenesUITests */,
			);
		};
/* End PBXProject section */

/* Begin PBXResourcesBuildPhase section */
		A9882E9D2BC6C94600A1F9B9 /* Resources */ = {
			isa = PBXResourcesBuildPhase;
			buildActionMask = 2147483647;
			files = (
				A9882EAA2BC6C94900A1F9B9 /* Preview Assets.xcassets in Resources */,
				A9882EA72BC6C94900A1F9B9 /* Assets.xcassets in Resources */,
			);
			runOnlyForDeploymentPostprocessing = 0;
		};
		A9882EAD2BC6C94A00A1F9B9 /* Resources */ = {
			isa = PBXResourcesBuildPhase;
			buildActionMask = 2147483647;
			files = (
			);
			runOnlyForDeploymentPostprocessing = 0;
		};
		A9882EB72BC6C94A00A1F9B9 /* Resources */ = {
			isa = PBXResourcesBuildPhase;
			buildActionMask = 2147483647;
			files = (
			);
			runOnlyForDeploymentPostprocessing = 0;
		};
/* End PBXResourcesBuildPhase section */

/* Begin PBXSourcesBuildPhase section */
		A9882E9B2BC6C94600A1F9B9 /* Sources */ = {
			isa = PBXSourcesBuildPhase;
			buildActionMask = 2147483647;
			files = (
				A9882EA52BC6C94600A1F9B9 /* ContentView.swift in Sources */,
				A9882EA32BC6C94600A1F9B9 /* Diapositivasima_genesApp.swift in Sources */,
				A9882ECD2BC6CD1300A1F9B9 /* FotosRegiones.swift in Sources */,
			);
			runOnlyForDeploymentPostprocessing = 0;
		};
		A9882EAB2BC6C94A00A1F9B9 /* Sources */ = {
			isa = PBXSourcesBuildPhase;
			buildActionMask = 2147483647;
			files = (
				A9882EB42BC6C94A00A1F9B9 /* Diapositivasima_genesTests.swift in Sources */,
			);
			runOnlyForDeploymentPostprocessing = 0;
		};
		A9882EB52BC6C94A00A1F9B9 /* Sources */ = {
			isa = PBXSourcesBuildPhase;
			buildActionMask = 2147483647;
			files = (
				A9882EBE2BC6C94A00A1F9B9 /* Diapositivasima_genesUITests.swift in Sources */,
				A9882EC02BC6C94A00A1F9B9 /* Diapositivasima_genesUITestsLaunchTests.swift in Sources */,
			);
			runOnlyForDeploymentPostprocessing = 0;
		};
/* End PBXSourcesBuildPhase section */

/* Begin PBXTargetDependency section */
		A9882EB12BC6C94A00A1F9B9 /* PBXTargetDependency */ = {
			isa = PBXTargetDependency;
			target = A9882E9E2BC6C94600A1F9B9 /* Diapositivasimágenes */;
			targetProxy = A9882EB02BC6C94A00A1F9B9 /* PBXContainerItemProxy */;
		};
		A9882EBB2BC6C94A00A1F9B9 /* PBXTargetDependency */ = {
			isa = PBXTargetDependency;
			target = A9882E9E2BC6C94600A1F9B9 /* Diapositivasimágenes */;
			targetProxy = A9882EBA2BC6C94A00A1F9B9 /* PBXContainerItemProxy */;
		};
/* End PBXTargetDependency section */

/* Begin XCBuildConfiguration section */
		A9882EC12BC6C94A00A1F9B9 /* Debug */ = {
			isa = XCBuildConfiguration;
			buildSettings = {
				ALWAYS_SEARCH_USER_PATHS = NO;
				CLANG_ANALYZER_NONNULL = YES;
				CLANG_ANALYZER_NUMBER_OBJECT_CONVERSION = YES_AGGRESSIVE;
				CLANG_CXX_LANGUAGE_STANDARD = "gnu++17";
				CLANG_ENABLE_MODULES = YES;
				CLANG_ENABLE_OBJC_ARC = YES;
				CLANG_ENABLE_OBJC_WEAK = YES;
				CLANG_WARN_BLOCK_CAPTURE_AUTORELEASING = YES;
				CLANG_WARN_BOOL_CONVERSION = YES;
				CLANG_WARN_COMMA = YES;
				CLANG_WARN_CONSTANT_CONVERSION = YES;
				CLANG_WARN_DEPRECATED_OBJC_IMPLEMENTATIONS = YES;
				CLANG_WARN_DIRECT_OBJC_ISA_USAGE = YES_ERROR;
				CLANG_WARN_DOCUMENTATION_COMMENTS = YES;
				CLANG_WARN_EMPTY_BODY = YES;
				CLANG_WARN_ENUM_CONVERSION = YES;
				CLANG_WARN_INFINITE_RECURSION = YES;
				CLANG_WARN_INT_CONVERSION = YES;
				CLANG_WARN_NON_LITERAL_NULL_CONVERSION = YES;
				CLANG_WARN_OBJC_IMPLICIT_RETAIN_SELF = YES;
				CLANG_WARN_OBJC_LITERAL_CONVERSION = YES;
				CLANG_WARN_OBJC_ROOT_CLASS = YES_ERROR;
				CLANG_WARN_QUOTED_INCLUDE_IN_FRAMEWORK_HEADER = YES;
				CLANG_WARN_RANGE_LOOP_ANALYSIS = YES;
				CLANG_WARN_STRICT_PROTOTYPES = YES;
				CLANG_WARN_SUSPICIOUS_MOVE = YES;
				CLANG_WARN_UNGUARDED_AVAILABILITY = YES_AGGRESSIVE;
				CLANG_WARN_UNREACHABLE_CODE = YES;
				CLANG_WARN__DUPLICATE_METHOD_MATCH = YES;
				COPY_PHASE_STRIP = NO;
				DEBUG_INFORMATION_FORMAT = dwarf;
				ENABLE_STRICT_OBJC_MSGSEND = YES;
				ENABLE_TESTABILITY = YES;
				GCC_C_LANGUAGE_STANDARD = gnu11;
				GCC_DYNAMIC_NO_PIC = NO;
				GCC_NO_COMMON_BLOCKS = YES;
				GCC_OPTIMIZATION_LEVEL = 0;
				GCC_PREPROCESSOR_DEFINITIONS = (
					"DEBUG=1",
					"$(inherited)",
				);
				GCC_WARN_64_TO_32_BIT_CONVERSION = YES;
				GCC_WARN_ABOUT_RETURN_TYPE = YES_ERROR;
				GCC_WARN_UNDECLARED_SELECTOR = YES;
				GCC_WARN_UNINITIALIZED_AUTOS = YES_AGGRESSIVE;
				GCC_WARN_UNUSED_FUNCTION = YES;
				GCC_WARN_UNUSED_VARIABLE = YES;
				IPHONEOS_DEPLOYMENT_TARGET = 15.5;
				MTL_ENABLE_DEBUG_INFO = INCLUDE_SOURCE;
				MTL_FAST_MATH = YES;
				ONLY_ACTIVE_ARCH = YES;
				SDKROOT = iphoneos;
				SWIFT_ACTIVE_COMPILATION_CONDITIONS = DEBUG;
				SWIFT_OPTIMIZATION_LEVEL = "-Onone";
			};
			name = Debug;
		};
		A9882EC22BC6C94A00A1F9B9 /* Release */ = {
			isa = XCBuildConfiguration;
			buildSettings = {
				ALWAYS_SEARCH_USER_PATHS = NO;
				CLANG_ANALYZER_NONNULL = YES;
				CLANG_ANALYZER_NUMBER_OBJECT_CONVERSION = YES_AGGRESSIVE;
				CLANG_CXX_LANGUAGE_STANDARD = "gnu++17";
				CLANG_ENABLE_MODULES = YES;
				CLANG_ENABLE_OBJC_ARC = YES;
				CLANG_ENABLE_OBJC_WEAK = YES;
				CLANG_WARN_BLOCK_CAPTURE_AUTORELEASING = YES;
				CLANG_WARN_BOOL_CONVERSION = YES;
				CLANG_WARN_COMMA = YES;
				CLANG_WARN_CONSTANT_CONVERSION = YES;
				CLANG_WARN_DEPRECATED_OBJC_IMPLEMENTATIONS = YES;
				CLANG_WARN_DIRECT_OBJC_ISA_USAGE = YES_ERROR;
				CLANG_WARN_DOCUMENTATION_COMMENTS = YES;
				CLANG_WARN_EMPTY_BODY = YES;
				CLANG_WARN_ENUM_CONVERSION = YES;
				CLANG_WARN_INFINITE_RECURSION = YES;
				CLANG_WARN_INT_CONVERSION = YES;
				CLANG_WARN_NON_LITERAL_NULL_CONVERSION = YES;
				CLANG_WARN_OBJC_IMPLICIT_RETAIN_SELF = YES;
				CLANG_WARN_OBJC_LITERAL_CONVERSION = YES;
				CLANG_WARN_OBJC_ROOT_CLASS = YES_ERROR;
				CLANG_WARN_QUOTED_INCLUDE_IN_FRAMEWORK_HEADER = YES;
				CLANG_WARN_RANGE_LOOP_ANALYSIS = YES;
				CLANG_WARN_STRICT_PROTOTYPES = YES;
				CLANG_WARN_SUSPICIOUS_MOVE = YES;
				CLANG_WARN_UNGUARDED_AVAILABILITY = YES_AGGRESSIVE;
				CLANG_WARN_UNREACHABLE_CODE = YES;
				CLANG_WARN__DUPLICATE_METHOD_MATCH = YES;
				COPY_PHASE_STRIP = NO;
				DEBUG_INFORMATION_FORMAT = "dwarf-with-dsym";
				ENABLE_NS_ASSERTIONS = NO;
				ENABLE_STRICT_OBJC_MSGSEND = YES;
				GCC_C_LANGUAGE_STANDARD = gnu11;
				GCC_NO_COMMON_BLOCKS = YES;
				GCC_WARN_64_TO_32_BIT_CONVERSION = YES;
				GCC_WARN_ABOUT_RETURN_TYPE = YES_ERROR;
				GCC_WARN_UNDECLARED_SELECTOR = YES;
				GCC_WARN_UNINITIALIZED_AUTOS = YES_AGGRESSIVE;
				GCC_WARN_UNUSED_FUNCTION = YES;
				GCC_WARN_UNUSED_VARIABLE = YES;
				IPHONEOS_DEPLOYMENT_TARGET = 15.5;
				MTL_ENABLE_DEBUG_INFO = NO;
				MTL_FAST_MATH = YES;
				SDKROOT = iphoneos;
				SWIFT_COMPILATION_MODE = wholemodule;
				SWIFT_OPTIMIZATION_LEVEL = "-O";
				VALIDATE_PRODUCT = YES;
			};
			name = Release;
		};
		A9882EC42BC6C94A00A1F9B9 /* Debug */ = {
			isa = XCBuildConfiguration;
			buildSettings = {
				ASSETCATALOG_COMPILER_APPICON_NAME = AppIcon;
				ASSETCATALOG_COMPILER_GLOBAL_ACCENT_COLOR_NAME = AccentColor;
				CODE_SIGN_STYLE = Automatic;
				CURRENT_PROJECT_VERSION = 1;
				DEVELOPMENT_ASSET_PATHS = "\"Diapositivasimágenes/Preview Content\"";
				DEVELOPMENT_TEAM = 8YMN7MCSQM;
				ENABLE_PREVIEWS = YES;
				GENERATE_INFOPLIST_FILE = YES;
				INFOPLIST_KEY_UIApplicationSceneManifest_Generation = YES;
				INFOPLIST_KEY_UIApplicationSupportsIndirectInputEvents = YES;
				INFOPLIST_KEY_UILaunchScreen_Generation = YES;
				INFOPLIST_KEY_UISupportedInterfaceOrientations_iPad = "UIInterfaceOrientationPortrait UIInterfaceOrientationPortraitUpsideDown UIInterfaceOrientationLandscapeLeft UIInterfaceOrientationLandscapeRight";
				INFOPLIST_KEY_UISupportedInterfaceOrientations_iPhone = "UIInterfaceOrientationPortrait UIInterfaceOrientationLandscapeLeft UIInterfaceOrientationLandscapeRight";
				LD_RUNPATH_SEARCH_PATHS = (
					"$(inherited)",
					"@executable_path/Frameworks",
				);
				MARKETING_VERSION = 1.0;
				PRODUCT_BUNDLE_IDENTIFIER = "Marco.Diapositivasima-genes";
				PRODUCT_NAME = "$(TARGET_NAME)";
				SWIFT_EMIT_LOC_STRINGS = YES;
				SWIFT_VERSION = 5.0;
				TARGETED_DEVICE_FAMILY = "1,2";
			};
			name = Debug;
		};
		A9882EC52BC6C94A00A1F9B9 /* Release */ = {
			isa = XCBuildConfiguration;
			buildSettings = {
				ASSETCATALOG_COMPILER_APPICON_NAME = AppIcon;
				ASSETCATALOG_COMPILER_GLOBAL_ACCENT_COLOR_NAME = AccentColor;
				CODE_SIGN_STYLE = Automatic;
				CURRENT_PROJECT_VERSION = 1;
				DEVELOPMENT_ASSET_PATHS = "\"Diapositivasimágenes/Preview Content\"";
				DEVELOPMENT_TEAM = 8YMN7MCSQM;
				ENABLE_PREVIEWS = YES;
				GENERATE_INFOPLIST_FILE = YES;
				INFOPLIST_KEY_UIApplicationSceneManifest_Generation = YES;
				INFOPLIST_KEY_UIApplicationSupportsIndirectInputEvents = YES;
				INFOPLIST_KEY_UILaunchScreen_Generation = YES;
				INFOPLIST_KEY_UISupportedInterfaceOrientations_iPad = "UIInterfaceOrientationPortrait UIInterfaceOrientationPortraitUpsideDown UIInterfaceOrientationLandscapeLeft UIInterfaceOrientationLandscapeRight";
				INFOPLIST_KEY_UISupportedInterfaceOrientations_iPhone = "UIInterfaceOrientationPortrait UIInterfaceOrientationLandscapeLeft UIInterfaceOrientationLandscapeRight";
				LD_RUNPATH_SEARCH_PATHS = (
					"$(inherited)",
					"@executable_path/Frameworks",
				);
				MARKETING_VERSION = 1.0;
				PRODUCT_BUNDLE_IDENTIFIER = "Marco.Diapositivasima-genes";
				PRODUCT_NAME = "$(TARGET_NAME)";
				SWIFT_EMIT_LOC_STRINGS = YES;
				SWIFT_VERSION = 5.0;
				TARGETED_DEVICE_FAMILY = "1,2";
			};
			name = Release;
		};
		A9882EC72BC6C94A00A1F9B9 /* Debug */ = {
			isa = XCBuildConfiguration;
			buildSettings = {
				ALWAYS_EMBED_SWIFT_STANDARD_LIBRARIES = YES;
				BUNDLE_LOADER = "$(TEST_HOST)";
				CODE_SIGN_STYLE = Automatic;
				CURRENT_PROJECT_VERSION = 1;
				DEVELOPMENT_TEAM = 8YMN7MCSQM;
				GENERATE_INFOPLIST_FILE = YES;
				IPHONEOS_DEPLOYMENT_TARGET = 15.5;
				MARKETING_VERSION = 1.0;
				PRODUCT_BUNDLE_IDENTIFIER = "Marco.Diapositivasima-genesTests";
				PRODUCT_NAME = "$(TARGET_NAME)";
				SWIFT_EMIT_LOC_STRINGS = NO;
				SWIFT_VERSION = 5.0;
				TARGETED_DEVICE_FAMILY = "1,2";
				TEST_HOST = "$(BUILT_PRODUCTS_DIR)/Diapositivasimágenes.app/Diapositivasimágenes";
			};
			name = Debug;
		};
		A9882EC82BC6C94A00A1F9B9 /* Release */ = {
			isa = XCBuildConfiguration;
			buildSettings = {
				ALWAYS_EMBED_SWIFT_STANDARD_LIBRARIES = YES;
				BUNDLE_LOADER = "$(TEST_HOST)";
				CODE_SIGN_STYLE = Automatic;
				CURRENT_PROJECT_VERSION = 1;
				DEVELOPMENT_TEAM = 8YMN7MCSQM;
				GENERATE_INFOPLIST_FILE = YES;
				IPHONEOS_DEPLOYMENT_TARGET = 15.5;
				MARKETING_VERSION = 1.0;
				PRODUCT_BUNDLE_IDENTIFIER = "Marco.Diapositivasima-genesTests";
				PRODUCT_NAME = "$(TARGET_NAME)";
				SWIFT_EMIT_LOC_STRINGS = NO;
				SWIFT_VERSION = 5.0;
				TARGETED_DEVICE_FAMILY = "1,2";
				TEST_HOST = "$(BUILT_PRODUCTS_DIR)/Diapositivasimágenes.app/Diapositivasimágenes";
			};
			name = Release;
		};
		A9882ECA2BC6C94A00A1F9B9 /* Debug */ = {
			isa = XCBuildConfiguration;
			buildSettings = {
				ALWAYS_EMBED_SWIFT_STANDARD_LIBRARIES = YES;
				CODE_SIGN_STYLE = Automatic;
				CURRENT_PROJECT_VERSION = 1;
				DEVELOPMENT_TEAM = 8YMN7MCSQM;
				GENERATE_INFOPLIST_FILE = YES;
				MARKETING_VERSION = 1.0;
				PRODUCT_BUNDLE_IDENTIFIER = "Marco.Diapositivasima-genesUITests";
				PRODUCT_NAME = "$(TARGET_NAME)";
				SWIFT_EMIT_LOC_STRINGS = NO;
				SWIFT_VERSION = 5.0;
				TARGETED_DEVICE_FAMILY = "1,2";
				TEST_TARGET_NAME = "Diapositivasimágenes";
			};
			name = Debug;
		};
		A9882ECB2BC6C94A00A1F9B9 /* Release */ = {
			isa = XCBuildConfiguration;
			buildSettings = {
				ALWAYS_EMBED_SWIFT_STANDARD_LIBRARIES = YES;
				CODE_SIGN_STYLE = Automatic;
				CURRENT_PROJECT_VERSION = 1;
				DEVELOPMENT_TEAM = 8YMN7MCSQM;
				GENERATE_INFOPLIST_FILE = YES;
				MARKETING_VERSION = 1.0;
				PRODUCT_BUNDLE_IDENTIFIER = "Marco.Diapositivasima-genesUITests";
				PRODUCT_NAME = "$(TARGET_NAME)";
				SWIFT_EMIT_LOC_STRINGS = NO;
				SWIFT_VERSION = 5.0;
				TARGETED_DEVICE_FAMILY = "1,2";
				TEST_TARGET_NAME = "Diapositivasimágenes";
			};
			name = Release;
		};
/* End XCBuildConfiguration section */

/* Begin XCConfigurationList section */
		A9882E9A2BC6C94600A1F9B9 /* Build configuration list for PBXProject "Diapositivasimágenes" */ = {
			isa = XCConfigurationList;
			buildConfigurations = (
				A9882EC12BC6C94A00A1F9B9 /* Debug */,
				A9882EC22BC6C94A00A1F9B9 /* Release */,
			);
			defaultConfigurationIsVisible = 0;
			defaultConfigurationName = Release;
		};
		A9882EC32BC6C94A00A1F9B9 /* Build configuration list for PBXNativeTarget "Diapositivasimágenes" */ = {
			isa = XCConfigurationList;
			buildConfigurations = (
				A9882EC42BC6C94A00A1F9B9 /* Debug */,
				A9882EC52BC6C94A00A1F9B9 /* Release */,
			);
			defaultConfigurationIsVisible = 0;
			defaultConfigurationName = Release;
		};
		A9882EC62BC6C94A00A1F9B9 /* Build configuration list for PBXNativeTarget "DiapositivasimágenesTests" */ = {
			isa = XCConfigurationList;
			buildConfigurations = (
				A9882EC72BC6C94A00A1F9B9 /* Debug */,
				A9882EC82BC6C94A00A1F9B9 /* Release */,
			);
			defaultConfigurationIsVisible = 0;
			defaultConfigurationName = Release;
		};
		A9882EC92BC6C94A00A1F9B9 /* Build configuration list for PBXNativeTarget "DiapositivasimágenesUITests" */ = {
			isa = XCConfigurationList;
			buildConfigurations = (
				A9882ECA2BC6C94A00A1F9B9 /* Debug */,
				A9882ECB2BC6C94A00A1F9B9 /* Release */,
			);
			defaultConfigurationIsVisible = 0;
			defaultConfigurationName = Release;
		};
/* End XCConfigurationList section */
	};
	rootObject = A9882E972BC6C94600A1F9B9 /* Project object */;
}
